<?xml version="1.0" encoding="utf-8"?>
<Project ToolsVersion="4.0" xmlns="http://schemas.microsoft.com/developer/msbuild/2003">
  <ItemGroup>
    <Filter Include="KTEngine">
      <UniqueIdentifier>{5A5A0D9E-4627-68A9-6F40-56515B6C9D37}</UniqueIdentifier>
    </Filter>
    <Filter Include="KTEngine\Events">
      <UniqueIdentifier>{FE9CDEAC-6A28-4C71-7339-CF65DF43A871}</UniqueIdentifier>
    </Filter>
    <Filter Include="Platform">
      <UniqueIdentifier>{2AC788B4-1694-E3BF-3FAD-D1672BD9184E}</UniqueIdentifier>
    </Filter>
    <Filter Include="Platform\Windows">
      <UniqueIdentifier>{64FBD71A-50F4-F66C-7926-DCF1657ED678}</UniqueIdentifier>
    </Filter>
  </ItemGroup>
  <ItemGroup>
    <ClInclude Include="src\KTEngine.h" />
    <ClInclude Include="src\KTEngine\Application.h">
      <Filter>KTEngine</Filter>
    </ClInclude>
    <ClInclude Include="src\KTEngine\Core.h">
      <Filter>KTEngine</Filter>
    </ClInclude>
    <ClInclude Include="src\KTEngine\EntryPoint.h">
      <Filter>KTEngine</Filter>
    </ClInclude>
    <ClInclude Include="src\KTEngine\Events\ApplicationEvent.h">
      <Filter>KTEngine\Events</Filter>
    </ClInclude>
    <ClInclude Include="src\KTEngine\Events\Event.h">
      <Filter>KTEngine\Events</Filter>
    </ClInclude>
    <ClInclude Include="src\KTEngine\Events\KeyEvent.h">
      <Filter>KTEngine\Events</Filter>
    </ClInclude>
    <ClInclude Include="src\KTEngine\Events\MouseEvent.h">
      <Filter>KTEngine\Events</Filter>
    </ClInclude>
    <ClInclude Include="src\KTEngine\Input.h">
      <Filter>KTEngine</Filter>
    </ClInclude>
    <ClInclude Include="src\KTEngine\Log.h">
      <Filter>KTEngine</Filter>
    </ClInclude>
    <ClInclude Include="src\KTEngine\Window.h">
      <Filter>KTEngine</Filter>
    </ClInclude>
    <ClInclude Include="src\KTPH.h" />
    <ClInclude Include="src\Platform\Windows\WindowsInput.h">
      <Filter>Platform\Windows</Filter>
    </ClInclude>
  </ItemGroup>
  <ItemGroup>
    <ClCompile Include="src\KTEngine\Application.cpp">
      <Filter>KTEngine</Filter>
    </ClCompile>
    <ClCompile Include="src\KTEngine\Log.cpp">
      <Filter>KTEngine</Filter>
    </ClCompile>
    <ClCompile Include="src\Platform\Windows\WindowsInput.cpp">
      <Filter>Platform\Windows</Filter>
    </ClCompile>
  </ItemGroup>
</Project>