<?xml version="1.0" encoding="utf-8"?>
<Project ToolsVersion="4.0" xmlns="http://schemas.microsoft.com/developer/msbuild/2003">
  <ItemGroup>
    <Filter Include="KTEngine">
      <UniqueIdentifier>{5A5A0D9E-4627-68A9-6F40-56515B6C9D37}</UniqueIdentifier>
    </Filter>
  </ItemGroup>
  <ItemGroup>
    <ClInclude Include="src\KTEngine.h" />
    <ClInclude Include="src\KTEngine\Application.h">
      <Filter>KTEngine</Filter>
    </ClInclude>
    <ClInclude Include="src\KTEngine\Core.h">
      <Filter>KTEngine</Filter>
    </ClInclude>
    <ClInclude Include="src\KTEngine\EntryPoint.h">
      <Filter>KTEngine</Filter>
    </ClInclude>
    <ClInclude Include="src\KTEngine\Log.h">
      <Filter>KTEngine</Filter>
    </ClInclude>
  </ItemGroup>
  <ItemGroup>
    <ClCompile Include="src\KTEngine\Application.cpp">
      <Filter>KTEngine</Filter>
    </ClCompile>
    <ClCompile Include="src\KTEngine\Log.cpp">
      <Filter>KTEngine</Filter>
    </ClCompile>
  </ItemGroup>
</Project>