<?xml version="1.0" encoding="utf-8"?>
<Project ToolsVersion="4.0" xmlns="http://schemas.microsoft.com/developer/msbuild/2003">
  <ItemGroup>
    <Filter Include="Platform">
      <UniqueIdentifier>{2AC788B4-1694-E3BF-3FAD-D1672BD9184E}</UniqueIdentifier>
    </Filter>
    <Filter Include="Platform\Windows">
      <UniqueIdentifier>{64FBD71A-50F4-F66C-7926-DCF1657ED678}</UniqueIdentifier>
    </Filter>
    <Filter Include="StellaEngine">
      <UniqueIdentifier>{00B2C2E1-EC14-5286-959A-8A3C81DC1D09}</UniqueIdentifier>
    </Filter>
    <Filter Include="StellaEngine\Events">
      <UniqueIdentifier>{E41DFCA4-507F-D9B2-D9EC-1F65454D1072}</UniqueIdentifier>
    </Filter>
  </ItemGroup>
  <ItemGroup>
    <ClInclude Include="src\Platform\Windows\WindowsWindow.h">
      <Filter>Platform\Windows</Filter>
    </ClInclude>
    <ClInclude Include="src\StellaEngine.h" />
    <ClInclude Include="src\StellaPH.h" />
    <ClInclude Include="src\Stella\Events\ApplicationEvent.h">
      <Filter>StellaEngine\Events</Filter>
    </ClInclude>
    <ClInclude Include="src\Stella\Events\Event.h">
      <Filter>StellaEngine\Events</Filter>
    </ClInclude>
    <ClInclude Include="src\Stella\Events\KeyEvent.h">
      <Filter>StellaEngine\Events</Filter>
    </ClInclude>
    <ClInclude Include="src\Stella\Events\MouseEvent.h">
      <Filter>StellaEngine\Events</Filter>
    </ClInclude>
    <ClInclude Include="src\Stella\Application.h">
      <Filter>StellaEngine</Filter>
    </ClInclude>
    <ClInclude Include="src\Stella\Core.h">
      <Filter>StellaEngine</Filter>
    </ClInclude>
    <ClInclude Include="src\Stella\EntryPoint.h">
      <Filter>StellaEngine</Filter>
    </ClInclude>
    <ClInclude Include="src\Stella\Log.h">
      <Filter>StellaEngine</Filter>
    </ClInclude>
    <ClInclude Include="src\Stella\Window.h">
      <Filter>StellaEngine</Filter>
    </ClInclude>
    <ClInclude Include="src\Stella\Layer.h" />
    <ClInclude Include="src\Stella\LayerStack.h" />
  </ItemGroup>
  <ItemGroup>
    <ClCompile Include="src\Platform\Windows\WindowsWindow.cpp">
      <Filter>Platform\Windows</Filter>
    </ClCompile>
    <ClCompile Include="src\StellaPH.cpp" />
    <ClCompile Include="src\Stella\Application.cpp">
      <Filter>StellaEngine</Filter>
    </ClCompile>
    <ClCompile Include="src\Stella\Log.cpp">
      <Filter>StellaEngine</Filter>
    </ClCompile>
    <ClCompile Include="src\Stella\Layer.cpp" />
    <ClCompile Include="src\Stella\LayerStack.cpp" />
  </ItemGroup>
</Project>